
Microsoft Visual Studio Solution File, Format Version 12.00
Project("{FAE04EC0-301F-11D3-BF4B-00C04F79EFBC}") = "Cwiczenia_2_kontenery", "Cwiczenia_2_kontenery.csproj", "{40E03C45-D342-43B7-B2B7-F4E9D6439C4F}"
EndProject
Global
	GlobalSection(SolutionConfigurationPlatforms) = preSolution
		Debug|Any CPU = Debug|Any CPU
		Release|Any CPU = Release|Any CPU
	EndGlobalSection
	GlobalSection(ProjectConfigurationPlatforms) = postSolution
		{40E03C45-D342-43B7-B2B7-F4E9D6439C4F}.Debug|Any CPU.ActiveCfg = Debug|Any CPU
		{40E03C45-D342-43B7-B2B7-F4E9D6439C4F}.Debug|Any CPU.Build.0 = Debug|Any CPU
		{40E03C45-D342-43B7-B2B7-F4E9D6439C4F}.Release|Any CPU.ActiveCfg = Release|Any CPU
		{40E03C45-D342-43B7-B2B7-F4E9D6439C4F}.Release|Any CPU.Build.0 = Release|Any CPU
	EndGlobalSection
EndGlobal
